
Microsoft Visual Studio Solution File, Format Version 12.00
# Visual Studio Version 17
VisualStudioVersion = 17.3.32929.385
MinimumVisualStudioVersion = 10.0.40219.1
Project("{FAE04EC0-301F-11D3-BF4B-00C04F79EFBC}") = "WindowsFormsApp5_期中專案", "WindowsFormsApp5_期中專案\WindowsFormsApp5_期中專案.csproj", "{B6DB7E7F-F66E-4C03-BC80-A016119A3D53}"
EndProject
Global
	GlobalSection(SolutionConfigurationPlatforms) = preSolution
		Debug|Any CPU = Debug|Any CPU
		Release|Any CPU = Release|Any CPU
	EndGlobalSection
	GlobalSection(ProjectConfigurationPlatforms) = postSolution
		{B6DB7E7F-F66E-4C03-BC80-A016119A3D53}.Debug|Any CPU.ActiveCfg = Debug|Any CPU
		{B6DB7E7F-F66E-4C03-BC80-A016119A3D53}.Debug|Any CPU.Build.0 = Debug|Any CPU
		{B6DB7E7F-F66E-4C03-BC80-A016119A3D53}.Release|Any CPU.ActiveCfg = Release|Any CPU
		{B6DB7E7F-F66E-4C03-BC80-A016119A3D53}.Release|Any CPU.Build.0 = Release|Any CPU
	EndGlobalSection
	GlobalSection(SolutionProperties) = preSolution
		HideSolutionNode = FALSE
	EndGlobalSection
	GlobalSection(ExtensibilityGlobals) = postSolution
		SolutionGuid = {008B2F41-6C10-4DF8-A713-3B490F741A3D}
	EndGlobalSection
EndGlobal
